
Microsoft Visual Studio Solution File, Format Version 12.00
# Visual Studio Version 17
VisualStudioVersion = 17.6.33723.286
MinimumVisualStudioVersion = 10.0.40219.1
Project("{FAE04EC0-301F-11D3-BF4B-00C04F79EFBC}") = "DemoWcfFormApp", "DemoWcfFormApp\DemoWcfFormApp.csproj", "{362A1B62-9C79-4F59-942F-05114E7ADB05}"
EndProject
Global
	GlobalSection(SolutionConfigurationPlatforms) = preSolution
		Debug|Any CPU = Debug|Any CPU
		Release|Any CPU = Release|Any CPU
	EndGlobalSection
	GlobalSection(ProjectConfigurationPlatforms) = postSolution
		{362A1B62-9C79-4F59-942F-05114E7ADB05}.Debug|Any CPU.ActiveCfg = Debug|Any CPU
		{362A1B62-9C79-4F59-942F-05114E7ADB05}.Debug|Any CPU.Build.0 = Debug|Any CPU
		{362A1B62-9C79-4F59-942F-05114E7ADB05}.Release|Any CPU.ActiveCfg = Release|Any CPU
		{362A1B62-9C79-4F59-942F-05114E7ADB05}.Release|Any CPU.Build.0 = Release|Any CPU
	EndGlobalSection
	GlobalSection(SolutionProperties) = preSolution
		HideSolutionNode = FALSE
	EndGlobalSection
	GlobalSection(ExtensibilityGlobals) = postSolution
		SolutionGuid = {52CA80A0-1317-4A8D-9F56-568935664B4C}
	EndGlobalSection
EndGlobal
